// !$*UTF8*$!
{
	archiveVersion = 1;
	classes = {
	};
	objectVersion = 77;
	objects = {

/* Begin PBXBuildFile section */
		4CB46B672A7013EA202A9478 /* Pods_QRCode_SwiftUITests.framework in Frameworks */ = {isa = PBXBuildFile; fileRef = 60EC865EE0FFDD2DBBA78FF1 /* Pods_QRCode_SwiftUITests.framework */; };
		94CA9212AF252A5F60A5F962 /* Pods_QRCode_SwiftUI.framework in Frameworks */ = {isa = PBXBuildFile; fileRef = 51069F7D5D65588139ECAEBB /* Pods_QRCode_SwiftUI.framework */; };
		B6D60A43F5A260D2A6C06E99 /* Pods_QRCode_SwiftUI_QRCode_SwiftUIUITests.framework in Frameworks */ = {isa = PBXBuildFile; fileRef = 2BBF7EF347BD24F11247FD13 /* Pods_QRCode_SwiftUI_QRCode_SwiftUIUITests.framework */; };
/* End PBXBuildFile section */

/* Begin PBXContainerItemProxy section */
		1F572C732F810BCD00881AC5 /* PBXContainerItemProxy */ = {
			isa = PBXContainerItemProxy;
			containerPortal = 1F572C5D2F810BCB00881AC5 /* Project object */;
			proxyType = 1;
			remoteGlobalIDString = 1F572C642F810BCB00881AC5;
			remoteInfo = QRCode_SwiftUI;
		};
		1F572C7D2F810BCD00881AC5 /* PBXContainerItemProxy */ = {
			isa = PBXContainerItemProxy;
			containerPortal = 1F572C5D2F810BCB00881AC5 /* Project object */;
			proxyType = 1;
			remoteGlobalIDString = 1F572C642F810BCB00881AC5;
			remoteInfo = QRCode_SwiftUI;
		};
/* End PBXContainerItemProxy section */

/* Begin PBXFileReference section */
		0133735D8B10E14358FAE40F /* Pods-QRCode_SwiftUI.release.xcconfig */ = {isa = PBXFileReference; includeInIndex = 1; lastKnownFileType = text.xcconfig; name = "Pods-QRCode_SwiftUI.release.xcconfig"; path = "Target Support Files/Pods-QRCode_SwiftUI/Pods-QRCode_SwiftUI.release.xcconfig"; sourceTree = "<group>"; };
		0D9FE235F1D559B783D987D7 /* Pods-QRCode_SwiftUI-QRCode_SwiftUIUITests.release.xcconfig */ = {isa = PBXFileReference; includeInIndex = 1; lastKnownFileType = text.xcconfig; name = "Pods-QRCode_SwiftUI-QRCode_SwiftUIUITests.release.xcconfig"; path = "Target Support Files/Pods-QRCode_SwiftUI-QRCode_SwiftUIUITests/Pods-QRCode_SwiftUI-QRCode_SwiftUIUITests.release.xcconfig"; sourceTree = "<group>"; };
		1F572C652F810BCB00881AC5 /* QRCode_SwiftUI.app */ = {isa = PBXFileReference; explicitFileType = wrapper.application; includeInIndex = 0; path = QRCode_SwiftUI.app; sourceTree = BUILT_PRODUCTS_DIR; };
		1F572C722F810BCD00881AC5 /* QRCode_SwiftUITests.xctest */ = {isa = PBXFileReference; explicitFileType = wrapper.cfbundle; includeInIndex = 0; path = QRCode_SwiftUITests.xctest; sourceTree = BUILT_PRODUCTS_DIR; };
		1F572C7C2F810BCD00881AC5 /* QRCode_SwiftUIUITests.xctest */ = {isa = PBXFileReference; explicitFileType = wrapper.cfbundle; includeInIndex = 0; path = QRCode_SwiftUIUITests.xctest; sourceTree = BUILT_PRODUCTS_DIR; };
		2BBF7EF347BD24F11247FD13 /* Pods_QRCode_SwiftUI_QRCode_SwiftUIUITests.framework */ = {isa = PBXFileReference; explicitFileType = wrapper.framework; includeInIndex = 0; path = Pods_QRCode_SwiftUI_QRCode_SwiftUIUITests.framework; sourceTree = BUILT_PRODUCTS_DIR; };
		51069F7D5D65588139ECAEBB /* Pods_QRCode_SwiftUI.framework */ = {isa = PBXFileReference; explicitFileType = wrapper.framework; includeInIndex = 0; path = Pods_QRCode_SwiftUI.framework; sourceTree = BUILT_PRODUCTS_DIR; };
		60EC865EE0FFDD2DBBA78FF1 /* Pods_QRCode_SwiftUITests.framework */ = {isa = PBXFileReference; explicitFileType = wrapper.framework; includeInIndex = 0; path = Pods_QRCode_SwiftUITests.framework; sourceTree = BUILT_PRODUCTS_DIR; };
		8551519B7B6C3D5E65EF3D2E /* Pods-QRCode_SwiftUI-QRCode_SwiftUIUITests.debug.xcconfig */ = {isa = PBXFileReference; includeInIndex = 1; lastKnownFileType = text.xcconfig; name = "Pods-QRCode_SwiftUI-QRCode_SwiftUIUITests.debug.xcconfig"; path = "Target Support Files/Pods-QRCode_SwiftUI-QRCode_SwiftUIUITests/Pods-QRCode_SwiftUI-QRCode_SwiftUIUITests.debug.xcconfig"; sourceTree = "<group>"; };
		8DA988F58BB80E8A574009BE /* Pods-QRCode_SwiftUITests.release.xcconfig */ = {isa = PBXFileReference; includeInIndex = 1; lastKnownFileType = text.xcconfig; name = "Pods-QRCode_SwiftUITests.release.xcconfig"; path = "Target Support Files/Pods-QRCode_SwiftUITests/Pods-QRCode_SwiftUITests.release.xcconfig"; sourceTree = "<group>"; };
		AA8C4BBD4E0862957977BB77 /* Pods-QRCode_SwiftUITests.debug.xcconfig */ = {isa = PBXFileReference; includeInIndex = 1; lastKnownFileType = text.xcconfig; name = "Pods-QRCode_SwiftUITests.debug.xcconfig"; path = "Target Support Files/Pods-QRCode_SwiftUITests/Pods-QRCode_SwiftUITests.debug.xcconfig"; sourceTree = "<group>"; };
		FE936087B99837DF4DB071F1 /* Pods-QRCode_SwiftUI.debug.xcconfig */ = {isa = PBXFileReference; includeInIndex = 1; lastKnownFileType = text.xcconfig; name = "Pods-QRCode_SwiftUI.debug.xcconfig"; path = "Target Support Files/Pods-QRCode_SwiftUI/Pods-QRCode_SwiftUI.debug.xcconfig"; sourceTree = "<group>"; };
/* End PBXFileReference section */

/* Begin PBXFileSystemSynchronizedRootGroup section */
		1F572C672F810BCB00881AC5 /* QRCode_SwiftUI */ = {
			isa = PBXFileSystemSynchronizedRootGroup;
			path = QRCode_SwiftUI;
			sourceTree = "<group>";
		};
		1F572C752F810BCD00881AC5 /* QRCode_SwiftUITests */ = {
			isa = PBXFileSystemSynchronizedRootGroup;
			path = QRCode_SwiftUITests;
			sourceTree = "<group>";
		};
		1F572C7F2F810BCD00881AC5 /* QRCode_SwiftUIUITests */ = {
			isa = PBXFileSystemSynchronizedRootGroup;
			path = QRCode_SwiftUIUITests;
			sourceTree = "<group>";
		};
/* End PBXFileSystemSynchronizedRootGroup section */

/* Begin PBXFrameworksBuildPhase section */
		1F572C622F810BCB00881AC5 /* Frameworks */ = {
			isa = PBXFrameworksBuildPhase;
			buildActionMask = 2147483647;
			files = (
				94CA9212AF252A5F60A5F962 /* Pods_QRCode_SwiftUI.framework in Frameworks */,
			);
			runOnlyForDeploymentPostprocessing = 0;
		};
		1F572C6F2F810BCD00881AC5 /* Frameworks */ = {
			isa = PBXFrameworksBuildPhase;
			buildActionMask = 2147483647;
			files = (
				4CB46B672A7013EA202A9478 /* Pods_QRCode_SwiftUITests.framework in Frameworks */,
			);
			runOnlyForDeploymentPostprocessing = 0;
		};
		1F572C792F810BCD00881AC5 /* Frameworks */ = {
			isa = PBXFrameworksBuildPhase;
			buildActionMask = 2147483647;
			files = (
				B6D60A43F5A260D2A6C06E99 /* Pods_QRCode_SwiftUI_QRCode_SwiftUIUITests.framework in Frameworks */,
			);
			runOnlyForDeploymentPostprocessing = 0;
		};
/* End PBXFrameworksBuildPhase section */

/* Begin PBXGroup section */
		1F572C5C2F810BCB00881AC5 = {
			isa = PBXGroup;
			children = (
				1F572C672F810BCB00881AC5 /* QRCode_SwiftUI */,
				1F572C752F810BCD00881AC5 /* QRCode_SwiftUITests */,
				1F572C7F2F810BCD00881AC5 /* QRCode_SwiftUIUITests */,
				1F572C662F810BCB00881AC5 /* Products */,
				D62AEBD722979DDE6E8BB707 /* Pods */,
				7CC30B008BA2E70D8E9AD803 /* Frameworks */,
			);
			sourceTree = "<group>";
		};
		1F572C662F810BCB00881AC5 /* Products */ = {
			isa = PBXGroup;
			children = (
				1F572C652F810BCB00881AC5 /* QRCode_SwiftUI.app */,
				1F572C722F810BCD00881AC5 /* QRCode_SwiftUITests.xctest */,
				1F572C7C2F810BCD00881AC5 /* QRCode_SwiftUIUITests.xctest */,
			);
			name = Products;
			sourceTree = "<group>";
		};
		7CC30B008BA2E70D8E9AD803 /* Frameworks */ = {
			isa = PBXGroup;
			children = (
				51069F7D5D65588139ECAEBB /* Pods_QRCode_SwiftUI.framework */,
				2BBF7EF347BD24F11247FD13 /* Pods_QRCode_SwiftUI_QRCode_SwiftUIUITests.framework */,
				60EC865EE0FFDD2DBBA78FF1 /* Pods_QRCode_SwiftUITests.framework */,
			);
			name = Frameworks;
			sourceTree = "<group>";
		};
		D62AEBD722979DDE6E8BB707 /* Pods */ = {
			isa = PBXGroup;
			children = (
				FE936087B99837DF4DB071F1 /* Pods-QRCode_SwiftUI.debug.xcconfig */,
				0133735D8B10E14358FAE40F /* Pods-QRCode_SwiftUI.release.xcconfig */,
				8551519B7B6C3D5E65EF3D2E /* Pods-QRCode_SwiftUI-QRCode_SwiftUIUITests.debug.xcconfig */,
				0D9FE235F1D559B783D987D7 /* Pods-QRCode_SwiftUI-QRCode_SwiftUIUITests.release.xcconfig */,
				AA8C4BBD4E0862957977BB77 /* Pods-QRCode_SwiftUITests.debug.xcconfig */,
				8DA988F58BB80E8A574009BE /* Pods-QRCode_SwiftUITests.release.xcconfig */,
			);
			path = Pods;
			sourceTree = "<group>";
		};
/* End PBXGroup section */

/* Begin PBXNativeTarget section */
		1F572C642F810BCB00881AC5 /* QRCode_SwiftUI */ = {
			isa = PBXNativeTarget;
			buildConfigurationList = 1F572C862F810BCD00881AC5 /* Build configuration list for PBXNativeTarget "QRCode_SwiftUI" */;
			buildPhases = (
				DB5FB7A4B5AAE940FB64C1DC /* [CP] Check Pods Manifest.lock */,
				1F572C612F810BCB00881AC5 /* Sources */,
				1F572C622F810BCB00881AC5 /* Frameworks */,
				1F572C632F810BCB00881AC5 /* Resources */,
				941F2272589700BA3495F905 /* [CP] Embed Pods Frameworks */,
			);
			buildRules = (
			);
			dependencies = (
			);
			fileSystemSynchronizedGroups = (
				1F572C672F810BCB00881AC5 /* QRCode_SwiftUI */,
			);
			name = QRCode_SwiftUI;
			productName = QRCode_SwiftUI;
			productReference = 1F572C652F810BCB00881AC5 /* QRCode_SwiftUI.app */;
			productType = "com.apple.product-type.application";
		};
		1F572C712F810BCD00881AC5 /* QRCode_SwiftUITests */ = {
			isa = PBXNativeTarget;
			buildConfigurationList = 1F572C892F810BCD00881AC5 /* Build configuration list for PBXNativeTarget "QRCode_SwiftUITests" */;
			buildPhases = (
				25AD1218DF602DC4A8DA5544 /* [CP] Check Pods Manifest.lock */,
				1F572C6E2F810BCD00881AC5 /* Sources */,
				1F572C6F2F810BCD00881AC5 /* Frameworks */,
				1F572C702F810BCD00881AC5 /* Resources */,
			);
			buildRules = (
			);
			dependencies = (
				1F572C742F810BCD00881AC5 /* PBXTargetDependency */,
			);
			fileSystemSynchronizedGroups = (
				1F572C752F810BCD00881AC5 /* QRCode_SwiftUITests */,
			);
			name = QRCode_SwiftUITests;
			productName = QRCode_SwiftUITests;
			productReference = 1F572C722F810BCD00881AC5 /* QRCode_SwiftUITests.xctest */;
			productType = "com.apple.product-type.bundle.unit-test";
		};
		1F572C7B2F810BCD00881AC5 /* QRCode_SwiftUIUITests */ = {
			isa = PBXNativeTarget;
			buildConfigurationList = 1F572C8C2F810BCD00881AC5 /* Build configuration list for PBXNativeTarget "QRCode_SwiftUIUITests" */;
			buildPhases = (
				381B81D7F252BF774D31BCC4 /* [CP] Check Pods Manifest.lock */,
				1F572C782F810BCD00881AC5 /* Sources */,
				1F572C792F810BCD00881AC5 /* Frameworks */,
				1F572C7A2F810BCD00881AC5 /* Resources */,
				38C2F02ABAC6BCB006347B73 /* [CP] Embed Pods Frameworks */,
			);
			buildRules = (
			);
			dependencies = (
				1F572C7E2F810BCD00881AC5 /* PBXTargetDependency */,
			);
			fileSystemSynchronizedGroups = (
				1F572C7F2F810BCD00881AC5 /* QRCode_SwiftUIUITests */,
			);
			name = QRCode_SwiftUIUITests;
			productName = QRCode_SwiftUIUITests;
			productReference = 1F572C7C2F810BCD00881AC5 /* QRCode_SwiftUIUITests.xctest */;
			productType = "com.apple.product-type.bundle.ui-testing";
		};
/* End PBXNativeTarget section */

/* Begin PBXProject section */
		1F572C5D2F810BCB00881AC5 /* Project object */ = {
			isa = PBXProject;
			attributes = {
				BuildIndependentTargetsInParallel = 1;
				LastSwiftUpdateCheck = 2630;
				LastUpgradeCheck = 2630;
				TargetAttributes = {
					1F572C642F810BCB00881AC5 = {
						CreatedOnToolsVersion = 26.3;
					};
					1F572C712F810BCD00881AC5 = {
						CreatedOnToolsVersion = 26.3;
						TestTargetID = 1F572C642F810BCB00881AC5;
					};
					1F572C7B2F810BCD00881AC5 = {
						CreatedOnToolsVersion = 26.3;
						TestTargetID = 1F572C642F810BCB00881AC5;
					};
				};
			};
			buildConfigurationList = 1F572C602F810BCB00881AC5 /* Build configuration list for PBXProject "QRCode_SwiftUI" */;
			developmentRegion = en;
			hasScannedForEncodings = 0;
			knownRegions = (
				en,
				Base,
			);
			mainGroup = 1F572C5C2F810BCB00881AC5;
			minimizedProjectReferenceProxies = 1;
			preferredProjectObjectVersion = 77;
			productRefGroup = 1F572C662F810BCB00881AC5 /* Products */;
			projectDirPath = "";
			projectRoot = "";
			targets = (
				1F572C642F810BCB00881AC5 /* QRCode_SwiftUI */,
				1F572C712F810BCD00881AC5 /* QRCode_SwiftUITests */,
				1F572C7B2F810BCD00881AC5 /* QRCode_SwiftUIUITests */,
			);
		};
/* End PBXProject section */

/* Begin PBXResourcesBuildPhase section */
		1F572C632F810BCB00881AC5 /* Resources */ = {
			isa = PBXResourcesBuildPhase;
			buildActionMask = 2147483647;
			files = (
			);
			runOnlyForDeploymentPostprocessing = 0;
		};
		1F572C702F810BCD00881AC5 /* Resources */ = {
			isa = PBXResourcesBuildPhase;
			buildActionMask = 2147483647;
			files = (
			);
			runOnlyForDeploymentPostprocessing = 0;
		};
		1F572C7A2F810BCD00881AC5 /* Resources */ = {
			isa = PBXResourcesBuildPhase;
			buildActionMask = 2147483647;
			files = (
			);
			runOnlyForDeploymentPostprocessing = 0;
		};
/* End PBXResourcesBuildPhase section */

/* Begin PBXShellScriptBuildPhase section */
		25AD1218DF602DC4A8DA5544 /* [CP] Check Pods Manifest.lock */ = {
			isa = PBXShellScriptBuildPhase;
			buildActionMask = 2147483647;
			files = (
			);
			inputFileListPaths = (
			);
			inputPaths = (
				"${PODS_PODFILE_DIR_PATH}/Podfile.lock",
				"${PODS_ROOT}/Manifest.lock",
			);
			name = "[CP] Check Pods Manifest.lock";
			outputFileListPaths = (
			);
			outputPaths = (
				"$(DERIVED_FILE_DIR)/Pods-QRCode_SwiftUITests-checkManifestLockResult.txt",
			);
			runOnlyForDeploymentPostprocessing = 0;
			shellPath = /bin/sh;
			shellScript = "diff \"${PODS_PODFILE_DIR_PATH}/Podfile.lock\" \"${PODS_ROOT}/Manifest.lock\" > /dev/null\nif [ $? != 0 ] ; then\n    # print error to STDERR\n    echo \"error: The sandbox is not in sync with the Podfile.lock. Run 'pod install' or update your CocoaPods installation.\" >&2\n    exit 1\nfi\n# This output is used by Xcode 'outputs' to avoid re-running this script phase.\necho \"SUCCESS\" > \"${SCRIPT_OUTPUT_FILE_0}\"\n";
			showEnvVarsInLog = 0;
		};
		381B81D7F252BF774D31BCC4 /* [CP] Check Pods Manifest.lock */ = {
			isa = PBXShellScriptBuildPhase;
			buildActionMask = 2147483647;
			files = (
			);
			inputFileListPaths = (
			);
			inputPaths = (
				"${PODS_PODFILE_DIR_PATH}/Podfile.lock",
				"${PODS_ROOT}/Manifest.lock",
			);
			name = "[CP] Check Pods Manifest.lock";
			outputFileListPaths = (
			);
			outputPaths = (
				"$(DERIVED_FILE_DIR)/Pods-QRCode_SwiftUI-QRCode_SwiftUIUITests-checkManifestLockResult.txt",
			);
			runOnlyForDeploymentPostprocessing = 0;
			shellPath = /bin/sh;
			shellScript = "diff \"${PODS_PODFILE_DIR_PATH}/Podfile.lock\" \"${PODS_ROOT}/Manifest.lock\" > /dev/null\nif [ $? != 0 ] ; then\n    # print error to STDERR\n    echo \"error: The sandbox is not in sync with the Podfile.lock. Run 'pod install' or update your CocoaPods installation.\" >&2\n    exit 1\nfi\n# This output is used by Xcode 'outputs' to avoid re-running this script phase.\necho \"SUCCESS\" > \"${SCRIPT_OUTPUT_FILE_0}\"\n";
			showEnvVarsInLog = 0;
		};
		38C2F02ABAC6BCB006347B73 /* [CP] Embed Pods Frameworks */ = {
			isa = PBXShellScriptBuildPhase;
			buildActionMask = 2147483647;
			files = (
			);
			inputFileListPaths = (
				"${PODS_ROOT}/Target Support Files/Pods-QRCode_SwiftUI-QRCode_SwiftUIUITests/Pods-QRCode_SwiftUI-QRCode_SwiftUIUITests-frameworks-${CONFIGURATION}-input-files.xcfilelist",
			);
			inputPaths = (
			);
			name = "[CP] Embed Pods Frameworks";
			outputFileListPaths = (
				"${PODS_ROOT}/Target Support Files/Pods-QRCode_SwiftUI-QRCode_SwiftUIUITests/Pods-QRCode_SwiftUI-QRCode_SwiftUIUITests-frameworks-${CONFIGURATION}-output-files.xcfilelist",
			);
			outputPaths = (
			);
			runOnlyForDeploymentPostprocessing = 0;
			shellPath = /bin/sh;
			shellScript = "\"${PODS_ROOT}/Target Support Files/Pods-QRCode_SwiftUI-QRCode_SwiftUIUITests/Pods-QRCode_SwiftUI-QRCode_SwiftUIUITests-frameworks.sh\"\n";
			showEnvVarsInLog = 0;
		};
		941F2272589700BA3495F905 /* [CP] Embed Pods Frameworks */ = {
			isa = PBXShellScriptBuildPhase;
			buildActionMask = 2147483647;
			files = (
			);
			inputFileListPaths = (
				"${PODS_ROOT}/Target Support Files/Pods-QRCode_SwiftUI/Pods-QRCode_SwiftUI-frameworks-${CONFIGURATION}-input-files.xcfilelist",
			);
			inputPaths = (
			);
			name = "[CP] Embed Pods Frameworks";
			outputFileListPaths = (
				"${PODS_ROOT}/Target Support Files/Pods-QRCode_SwiftUI/Pods-QRCode_SwiftUI-frameworks-${CONFIGURATION}-output-files.xcfilelist",
			);
			outputPaths = (
			);
			runOnlyForDeploymentPostprocessing = 0;
			shellPath = /bin/sh;
			shellScript = "\"${PODS_ROOT}/Target Support Files/Pods-QRCode_SwiftUI/Pods-QRCode_SwiftUI-frameworks.sh\"\n";
			showEnvVarsInLog = 0;
		};
		DB5FB7A4B5AAE940FB64C1DC /* [CP] Check Pods Manifest.lock */ = {
			isa = PBXShellScriptBuildPhase;
			buildActionMask = 2147483647;
			files = (
			);
			inputFileListPaths = (
			);
			inputPaths = (
				"${PODS_PODFILE_DIR_PATH}/Podfile.lock",
				"${PODS_ROOT}/Manifest.lock",
			);
			name = "[CP] Check Pods Manifest.lock";
			outputFileListPaths = (
			);
			outputPaths = (
				"$(DERIVED_FILE_DIR)/Pods-QRCode_SwiftUI-checkManifestLockResult.txt",
			);
			runOnlyForDeploymentPostprocessing = 0;
			shellPath = /bin/sh;
			shellScript = "diff \"${PODS_PODFILE_DIR_PATH}/Podfile.lock\" \"${PODS_ROOT}/Manifest.lock\" > /dev/null\nif [ $? != 0 ] ; then\n    # print error to STDERR\n    echo \"error: The sandbox is not in sync with the Podfile.lock. Run 'pod install' or update your CocoaPods installation.\" >&2\n    exit 1\nfi\n# This output is used by Xcode 'outputs' to avoid re-running this script phase.\necho \"SUCCESS\" > \"${SCRIPT_OUTPUT_FILE_0}\"\n";
			showEnvVarsInLog = 0;
		};
/* End PBXShellScriptBuildPhase section */

/* Begin PBXSourcesBuildPhase section */
		1F572C612F810BCB00881AC5 /* Sources */ = {
			isa = PBXSourcesBuildPhase;
			buildActionMask = 2147483647;
			files = (
			);
			runOnlyForDeploymentPostprocessing = 0;
		};
		1F572C6E2F810BCD00881AC5 /* Sources */ = {
			isa = PBXSourcesBuildPhase;
			buildActionMask = 2147483647;
			files = (
			);
			runOnlyForDeploymentPostprocessing = 0;
		};
		1F572C782F810BCD00881AC5 /* Sources */ = {
			isa = PBXSourcesBuildPhase;
			buildActionMask = 2147483647;
			files = (
			);
			runOnlyForDeploymentPostprocessing = 0;
		};
/* End PBXSourcesBuildPhase section */

/* Begin PBXTargetDependency section */
		1F572C742F810BCD00881AC5 /* PBXTargetDependency */ = {
			isa = PBXTargetDependency;
			target = 1F572C642F810BCB00881AC5 /* QRCode_SwiftUI */;
			targetProxy = 1F572C732F810BCD00881AC5 /* PBXContainerItemProxy */;
		};
		1F572C7E2F810BCD00881AC5 /* PBXTargetDependency */ = {
			isa = PBXTargetDependency;
			target = 1F572C642F810BCB00881AC5 /* QRCode_SwiftUI */;
			targetProxy = 1F572C7D2F810BCD00881AC5 /* PBXContainerItemProxy */;
		};
/* End PBXTargetDependency section */

/* Begin XCBuildConfiguration section */
		1F572C842F810BCD00881AC5 /* Debug */ = {
			isa = XCBuildConfiguration;
			buildSettings = {
				ALWAYS_SEARCH_USER_PATHS = NO;
				ASSETCATALOG_COMPILER_GENERATE_SWIFT_ASSET_SYMBOL_EXTENSIONS = YES;
				CLANG_ANALYZER_NONNULL = YES;
				CLANG_ANALYZER_NUMBER_OBJECT_CONVERSION = YES_AGGRESSIVE;
				CLANG_CXX_LANGUAGE_STANDARD = "gnu++20";
				CLANG_ENABLE_MODULES = YES;
				CLANG_ENABLE_OBJC_ARC = YES;
				CLANG_ENABLE_OBJC_WEAK = YES;
				CLANG_WARN_BLOCK_CAPTURE_AUTORELEASING = YES;
				CLANG_WARN_BOOL_CONVERSION = YES;
				CLANG_WARN_COMMA = YES;
				CLANG_WARN_CONSTANT_CONVERSION = YES;
				CLANG_WARN_DEPRECATED_OBJC_IMPLEMENTATIONS = YES;
				CLANG_WARN_DIRECT_OBJC_ISA_USAGE = YES_ERROR;
				CLANG_WARN_DOCUMENTATION_COMMENTS = YES;
				CLANG_WARN_EMPTY_BODY = YES;
				CLANG_WARN_ENUM_CONVERSION = YES;
				CLANG_WARN_INFINITE_RECURSION = YES;
				CLANG_WARN_INT_CONVERSION = YES;
				CLANG_WARN_NON_LITERAL_NULL_CONVERSION = YES;
				CLANG_WARN_OBJC_IMPLICIT_RETAIN_SELF = YES;
				CLANG_WARN_OBJC_LITERAL_CONVERSION = YES;
				CLANG_WARN_OBJC_ROOT_CLASS = YES_ERROR;
				CLANG_WARN_QUOTED_INCLUDE_IN_FRAMEWORK_HEADER = YES;
				CLANG_WARN_RANGE_LOOP_ANALYSIS = YES;
				CLANG_WARN_STRICT_PROTOTYPES = YES;
				CLANG_WARN_SUSPICIOUS_MOVE = YES;
				CLANG_WARN_UNGUARDED_AVAILABILITY = YES_AGGRESSIVE;
				CLANG_WARN_UNREACHABLE_CODE = YES;
				CLANG_WARN__DUPLICATE_METHOD_MATCH = YES;
				COPY_PHASE_STRIP = NO;
				DEBUG_INFORMATION_FORMAT = dwarf;
				ENABLE_STRICT_OBJC_MSGSEND = YES;
				ENABLE_TESTABILITY = YES;
				ENABLE_USER_SCRIPT_SANDBOXING = NO;
				GCC_C_LANGUAGE_STANDARD = gnu17;
				GCC_DYNAMIC_NO_PIC = NO;
				GCC_NO_COMMON_BLOCKS = YES;
				GCC_OPTIMIZATION_LEVEL = 0;
				GCC_PREPROCESSOR_DEFINITIONS = (
					"DEBUG=1",
					"$(inherited)",
				);
				GCC_WARN_64_TO_32_BIT_CONVERSION = YES;
				GCC_WARN_ABOUT_RETURN_TYPE = YES_ERROR;
				GCC_WARN_UNDECLARED_SELECTOR = YES;
				GCC_WARN_UNINITIALIZED_AUTOS = YES_AGGRESSIVE;
				GCC_WARN_UNUSED_FUNCTION = YES;
				GCC_WARN_UNUSED_VARIABLE = YES;
				IPHONEOS_DEPLOYMENT_TARGET = 26.2;
				LOCALIZATION_PREFERS_STRING_CATALOGS = YES;
				MTL_ENABLE_DEBUG_INFO = INCLUDE_SOURCE;
				MTL_FAST_MATH = YES;
				ONLY_ACTIVE_ARCH = YES;
				SDKROOT = iphoneos;
				SWIFT_ACTIVE_COMPILATION_CONDITIONS = "DEBUG $(inherited)";
				SWIFT_OPTIMIZATION_LEVEL = "-Onone";
			};
			name = Debug;
		};
		1F572C852F810BCD00881AC5 /* Release */ = {
			isa = XCBuildConfiguration;
			buildSettings = {
				ALWAYS_SEARCH_USER_PATHS = NO;
				ASSETCATALOG_COMPILER_GENERATE_SWIFT_ASSET_SYMBOL_EXTENSIONS = YES;
				CLANG_ANALYZER_NONNULL = YES;
				CLANG_ANALYZER_NUMBER_OBJECT_CONVERSION = YES_AGGRESSIVE;
				CLANG_CXX_LANGUAGE_STANDARD = "gnu++20";
				CLANG_ENABLE_MODULES = YES;
				CLANG_ENABLE_OBJC_ARC = YES;
				CLANG_ENABLE_OBJC_WEAK = YES;
				CLANG_WARN_BLOCK_CAPTURE_AUTORELEASING = YES;
				CLANG_WARN_BOOL_CONVERSION = YES;
				CLANG_WARN_COMMA = YES;
				CLANG_WARN_CONSTANT_CONVERSION = YES;
				CLANG_WARN_DEPRECATED_OBJC_IMPLEMENTATIONS = YES;
				CLANG_WARN_DIRECT_OBJC_ISA_USAGE = YES_ERROR;
				CLANG_WARN_DOCUMENTATION_COMMENTS = YES;
				CLANG_WARN_EMPTY_BODY = YES;
				CLANG_WARN_ENUM_CONVERSION = YES;
				CLANG_WARN_INFINITE_RECURSION = YES;
				CLANG_WARN_INT_CONVERSION = YES;
				CLANG_WARN_NON_LITERAL_NULL_CONVERSION = YES;
				CLANG_WARN_OBJC_IMPLICIT_RETAIN_SELF = YES;
				CLANG_WARN_OBJC_LITERAL_CONVERSION = YES;
				CLANG_WARN_OBJC_ROOT_CLASS = YES_ERROR;
				CLANG_WARN_QUOTED_INCLUDE_IN_FRAMEWORK_HEADER = YES;
				CLANG_WARN_RANGE_LOOP_ANALYSIS = YES;
				CLANG_WARN_STRICT_PROTOTYPES = YES;
				CLANG_WARN_SUSPICIOUS_MOVE = YES;
				CLANG_WARN_UNGUARDED_AVAILABILITY = YES_AGGRESSIVE;
				CLANG_WARN_UNREACHABLE_CODE = YES;
				CLANG_WARN__DUPLICATE_METHOD_MATCH = YES;
				COPY_PHASE_STRIP = NO;
				DEBUG_INFORMATION_FORMAT = "dwarf-with-dsym";
				ENABLE_NS_ASSERTIONS = NO;
				ENABLE_STRICT_OBJC_MSGSEND = YES;
				ENABLE_USER_SCRIPT_SANDBOXING = NO;
				GCC_C_LANGUAGE_STANDARD = gnu17;
				GCC_NO_COMMON_BLOCKS = YES;
				GCC_WARN_64_TO_32_BIT_CONVERSION = YES;
				GCC_WARN_ABOUT_RETURN_TYPE = YES_ERROR;
				GCC_WARN_UNDECLARED_SELECTOR = YES;
				GCC_WARN_UNINITIALIZED_AUTOS = YES_AGGRESSIVE;
				GCC_WARN_UNUSED_FUNCTION = YES;
				GCC_WARN_UNUSED_VARIABLE = YES;
				IPHONEOS_DEPLOYMENT_TARGET = 26.2;
				LOCALIZATION_PREFERS_STRING_CATALOGS = YES;
				MTL_ENABLE_DEBUG_INFO = NO;
				MTL_FAST_MATH = YES;
				SDKROOT = iphoneos;
				SWIFT_COMPILATION_MODE = wholemodule;
				VALIDATE_PRODUCT = YES;
			};
			name = Release;
		};
		1F572C872F810BCD00881AC5 /* Debug */ = {
			isa = XCBuildConfiguration;
			baseConfigurationReference = FE936087B99837DF4DB071F1 /* Pods-QRCode_SwiftUI.debug.xcconfig */;
			buildSettings = {
				ASSETCATALOG_COMPILER_APPICON_NAME = AppIcon;
				ASSETCATALOG_COMPILER_GLOBAL_ACCENT_COLOR_NAME = AccentColor;
				CODE_SIGN_STYLE = Automatic;
				CURRENT_PROJECT_VERSION = 1;
				ENABLE_PREVIEWS = YES;
				GENERATE_INFOPLIST_FILE = YES;
				INFOPLIST_KEY_NSCameraUsageDescription = "The app needs camera access to scan QR codes. Please go to Settings to grant permission.";
				INFOPLIST_KEY_NSPhotoLibraryAddUsageDescription = " App needs access to save the QR code to your photo library.";
				INFOPLIST_KEY_NSPhotoLibraryUsageDescription = "Select image to scan QR";
				INFOPLIST_KEY_UIApplicationSceneManifest_Generation = YES;
				INFOPLIST_KEY_UIApplicationSupportsIndirectInputEvents = YES;
				INFOPLIST_KEY_UILaunchScreen_Generation = YES;
				INFOPLIST_KEY_UISupportedInterfaceOrientations_iPad = "UIInterfaceOrientationPortrait UIInterfaceOrientationPortraitUpsideDown UIInterfaceOrientationLandscapeLeft UIInterfaceOrientationLandscapeRight";
				INFOPLIST_KEY_UISupportedInterfaceOrientations_iPhone = "UIInterfaceOrientationPortrait UIInterfaceOrientationLandscapeLeft UIInterfaceOrientationLandscapeRight";
				IPHONEOS_DEPLOYMENT_TARGET = 16.6;
				LD_RUNPATH_SEARCH_PATHS = (
					"$(inherited)",
					"@executable_path/Frameworks",
				);
				MARKETING_VERSION = 1.0;
				PRODUCT_BUNDLE_IDENTIFIER = "base-project-uikit.QRCode-SwiftUI";
				PRODUCT_NAME = "$(TARGET_NAME)";
				STRING_CATALOG_GENERATE_SYMBOLS = YES;
				SWIFT_APPROACHABLE_CONCURRENCY = YES;
				SWIFT_DEFAULT_ACTOR_ISOLATION = MainActor;
				SWIFT_EMIT_LOC_STRINGS = YES;
				SWIFT_UPCOMING_FEATURE_MEMBER_IMPORT_VISIBILITY = YES;
				SWIFT_VERSION = 5.0;
				TARGETED_DEVICE_FAMILY = "1,2";
			};
			name = Debug;
		};
		1F572C882F810BCD00881AC5 /* Release */ = {
			isa = XCBuildConfiguration;
			baseConfigurationReference = 0133735D8B10E14358FAE40F /* Pods-QRCode_SwiftUI.release.xcconfig */;
			buildSettings = {
				ASSETCATALOG_COMPILER_APPICON_NAME = AppIcon;
				ASSETCATALOG_COMPILER_GLOBAL_ACCENT_COLOR_NAME = AccentColor;
				CODE_SIGN_STYLE = Automatic;
				CURRENT_PROJECT_VERSION = 1;
				ENABLE_PREVIEWS = YES;
				GENERATE_INFOPLIST_FILE = YES;
				INFOPLIST_KEY_NSCameraUsageDescription = "The app needs camera access to scan QR codes. Please go to Settings to grant permission.";
				INFOPLIST_KEY_NSPhotoLibraryAddUsageDescription = " App needs access to save the QR code to your photo library.";
				INFOPLIST_KEY_NSPhotoLibraryUsageDescription = "Select image to scan QR";
				INFOPLIST_KEY_UIApplicationSceneManifest_Generation = YES;
				INFOPLIST_KEY_UIApplicationSupportsIndirectInputEvents = YES;
				INFOPLIST_KEY_UILaunchScreen_Generation = YES;
				INFOPLIST_KEY_UISupportedInterfaceOrientations_iPad = "UIInterfaceOrientationPortrait UIInterfaceOrientationPortraitUpsideDown UIInterfaceOrientationLandscapeLeft UIInterfaceOrientationLandscapeRight";
				INFOPLIST_KEY_UISupportedInterfaceOrientations_iPhone = "UIInterfaceOrientationPortrait UIInterfaceOrientationLandscapeLeft UIInterfaceOrientationLandscapeRight";
				IPHONEOS_DEPLOYMENT_TARGET = 16.6;
				LD_RUNPATH_SEARCH_PATHS = (
					"$(inherited)",
					"@executable_path/Frameworks",
				);
				MARKETING_VERSION = 1.0;
				PRODUCT_BUNDLE_IDENTIFIER = "base-project-uikit.QRCode-SwiftUI";
				PRODUCT_NAME = "$(TARGET_NAME)";
				STRING_CATALOG_GENERATE_SYMBOLS = YES;
				SWIFT_APPROACHABLE_CONCURRENCY = YES;
				SWIFT_DEFAULT_ACTOR_ISOLATION = MainActor;
				SWIFT_EMIT_LOC_STRINGS = YES;
				SWIFT_UPCOMING_FEATURE_MEMBER_IMPORT_VISIBILITY = YES;
				SWIFT_VERSION = 5.0;
				TARGETED_DEVICE_FAMILY = "1,2";
			};
			name = Release;
		};
		1F572C8A2F810BCD00881AC5 /* Debug */ = {
			isa = XCBuildConfiguration;
			baseConfigurationReference = AA8C4BBD4E0862957977BB77 /* Pods-QRCode_SwiftUITests.debug.xcconfig */;
			buildSettings = {
				BUNDLE_LOADER = "$(TEST_HOST)";
				CODE_SIGN_STYLE = Automatic;
				CURRENT_PROJECT_VERSION = 1;
				GENERATE_INFOPLIST_FILE = YES;
				IPHONEOS_DEPLOYMENT_TARGET = 26.2;
				MARKETING_VERSION = 1.0;
				PRODUCT_BUNDLE_IDENTIFIER = "base-project-uikit.QRCode-SwiftUITests";
				PRODUCT_NAME = "$(TARGET_NAME)";
				STRING_CATALOG_GENERATE_SYMBOLS = NO;
				SWIFT_APPROACHABLE_CONCURRENCY = YES;
				SWIFT_EMIT_LOC_STRINGS = NO;
				SWIFT_UPCOMING_FEATURE_MEMBER_IMPORT_VISIBILITY = YES;
				SWIFT_VERSION = 5.0;
				TARGETED_DEVICE_FAMILY = "1,2";
				TEST_HOST = "$(BUILT_PRODUCTS_DIR)/QRCode_SwiftUI.app/$(BUNDLE_EXECUTABLE_FOLDER_PATH)/QRCode_SwiftUI";
			};
			name = Debug;
		};
		1F572C8B2F810BCD00881AC5 /* Release */ = {
			isa = XCBuildConfiguration;
			baseConfigurationReference = 8DA988F58BB80E8A574009BE /* Pods-QRCode_SwiftUITests.release.xcconfig */;
			buildSettings = {
				BUNDLE_LOADER = "$(TEST_HOST)";
				CODE_SIGN_STYLE = Automatic;
				CURRENT_PROJECT_VERSION = 1;
				GENERATE_INFOPLIST_FILE = YES;
				IPHONEOS_DEPLOYMENT_TARGET = 26.2;
				MARKETING_VERSION = 1.0;
				PRODUCT_BUNDLE_IDENTIFIER = "base-project-uikit.QRCode-SwiftUITests";
				PRODUCT_NAME = "$(TARGET_NAME)";
				STRING_CATALOG_GENERATE_SYMBOLS = NO;
				SWIFT_APPROACHABLE_CONCURRENCY = YES;
				SWIFT_EMIT_LOC_STRINGS = NO;
				SWIFT_UPCOMING_FEATURE_MEMBER_IMPORT_VISIBILITY = YES;
				SWIFT_VERSION = 5.0;
				TARGETED_DEVICE_FAMILY = "1,2";
				TEST_HOST = "$(BUILT_PRODUCTS_DIR)/QRCode_SwiftUI.app/$(BUNDLE_EXECUTABLE_FOLDER_PATH)/QRCode_SwiftUI";
			};
			name = Release;
		};
		1F572C8D2F810BCD00881AC5 /* Debug */ = {
			isa = XCBuildConfiguration;
			baseConfigurationReference = 8551519B7B6C3D5E65EF3D2E /* Pods-QRCode_SwiftUI-QRCode_SwiftUIUITests.debug.xcconfig */;
			buildSettings = {
				CODE_SIGN_STYLE = Automatic;
				CURRENT_PROJECT_VERSION = 1;
				GENERATE_INFOPLIST_FILE = YES;
				MARKETING_VERSION = 1.0;
				PRODUCT_BUNDLE_IDENTIFIER = "base-project-uikit.QRCode-SwiftUIUITests";
				PRODUCT_NAME = "$(TARGET_NAME)";
				STRING_CATALOG_GENERATE_SYMBOLS = NO;
				SWIFT_APPROACHABLE_CONCURRENCY = YES;
				SWIFT_EMIT_LOC_STRINGS = NO;
				SWIFT_UPCOMING_FEATURE_MEMBER_IMPORT_VISIBILITY = YES;
				SWIFT_VERSION = 5.0;
				TARGETED_DEVICE_FAMILY = "1,2";
				TEST_TARGET_NAME = QRCode_SwiftUI;
			};
			name = Debug;
		};
		1F572C8E2F810BCD00881AC5 /* Release */ = {
			isa = XCBuildConfiguration;
			baseConfigurationReference = 0D9FE235F1D559B783D987D7 /* Pods-QRCode_SwiftUI-QRCode_SwiftUIUITests.release.xcconfig */;
			buildSettings = {
				CODE_SIGN_STYLE = Automatic;
				CURRENT_PROJECT_VERSION = 1;
				GENERATE_INFOPLIST_FILE = YES;
				MARKETING_VERSION = 1.0;
				PRODUCT_BUNDLE_IDENTIFIER = "base-project-uikit.QRCode-SwiftUIUITests";
				PRODUCT_NAME = "$(TARGET_NAME)";
				STRING_CATALOG_GENERATE_SYMBOLS = NO;
				SWIFT_APPROACHABLE_CONCURRENCY = YES;
				SWIFT_EMIT_LOC_STRINGS = NO;
				SWIFT_UPCOMING_FEATURE_MEMBER_IMPORT_VISIBILITY = YES;
				SWIFT_VERSION = 5.0;
				TARGETED_DEVICE_FAMILY = "1,2";
				TEST_TARGET_NAME = QRCode_SwiftUI;
			};
			name = Release;
		};
/* End XCBuildConfiguration section */

/* Begin XCConfigurationList section */
		1F572C602F810BCB00881AC5 /* Build configuration list for PBXProject "QRCode_SwiftUI" */ = {
			isa = XCConfigurationList;
			buildConfigurations = (
				1F572C842F810BCD00881AC5 /* Debug */,
				1F572C852F810BCD00881AC5 /* Release */,
			);
			defaultConfigurationIsVisible = 0;
			defaultConfigurationName = Release;
		};
		1F572C862F810BCD00881AC5 /* Build configuration list for PBXNativeTarget "QRCode_SwiftUI" */ = {
			isa = XCConfigurationList;
			buildConfigurations = (
				1F572C872F810BCD00881AC5 /* Debug */,
				1F572C882F810BCD00881AC5 /* Release */,
			);
			defaultConfigurationIsVisible = 0;
			defaultConfigurationName = Release;
		};
		1F572C892F810BCD00881AC5 /* Build configuration list for PBXNativeTarget "QRCode_SwiftUITests" */ = {
			isa = XCConfigurationList;
			buildConfigurations = (
				1F572C8A2F810BCD00881AC5 /* Debug */,
				1F572C8B2F810BCD00881AC5 /* Release */,
			);
			defaultConfigurationIsVisible = 0;
			defaultConfigurationName = Release;
		};
		1F572C8C2F810BCD00881AC5 /* Build configuration list for PBXNativeTarget "QRCode_SwiftUIUITests" */ = {
			isa = XCConfigurationList;
			buildConfigurations = (
				1F572C8D2F810BCD00881AC5 /* Debug */,
				1F572C8E2F810BCD00881AC5 /* Release */,
			);
			defaultConfigurationIsVisible = 0;
			defaultConfigurationName = Release;
		};
/* End XCConfigurationList section */
	};
	rootObject = 1F572C5D2F810BCB00881AC5 /* Project object */;
}
